
Microsoft Visual Studio Solution File, Format Version 12.00
# Visual Studio Version 16
VisualStudioVersion = 16.0.31424.327
MinimumVisualStudioVersion = 10.0.40219.1
Project("{8BC9CEB8-8B4A-11D0-8D11-00A0C91BC942}") = "c_10_06", "c_10_06\c_10_06.vcxproj", "{E7D97F78-EECE-492F-917F-59A586B52FCC}"
EndProject
Global
	GlobalSection(SolutionConfigurationPlatforms) = preSolution
		Debug|x64 = Debug|x64
		Debug|x86 = Debug|x86
		Release|x64 = Release|x64
		Release|x86 = Release|x86
	EndGlobalSection
	GlobalSection(ProjectConfigurationPlatforms) = postSolution
		{E7D97F78-EECE-492F-917F-59A586B52FCC}.Debug|x64.ActiveCfg = Debug|x64
		{E7D97F78-EECE-492F-917F-59A586B52FCC}.Debug|x64.Build.0 = Debug|x64
		{E7D97F78-EECE-492F-917F-59A586B52FCC}.Debug|x86.ActiveCfg = Debug|Win32
		{E7D97F78-EECE-492F-917F-59A586B52FCC}.Debug|x86.Build.0 = Debug|Win32
		{E7D97F78-EECE-492F-917F-59A586B52FCC}.Release|x64.ActiveCfg = Release|x64
		{E7D97F78-EECE-492F-917F-59A586B52FCC}.Release|x64.Build.0 = Release|x64
		{E7D97F78-EECE-492F-917F-59A586B52FCC}.Release|x86.ActiveCfg = Release|Win32
		{E7D97F78-EECE-492F-917F-59A586B52FCC}.Release|x86.Build.0 = Release|Win32
	EndGlobalSection
	GlobalSection(SolutionProperties) = preSolution
		HideSolutionNode = FALSE
	EndGlobalSection
	GlobalSection(ExtensibilityGlobals) = postSolution
		SolutionGuid = {8B29D7EB-C69C-48CF-B7F9-CE3E8D710CC5}
	EndGlobalSection
EndGlobal
