
Microsoft Visual Studio Solution File, Format Version 12.00
# Visual Studio Version 16
VisualStudioVersion = 16.0.31424.327
MinimumVisualStudioVersion = 10.0.40219.1
Project("{8BC9CEB8-8B4A-11D0-8D11-00A0C91BC942}") = "nowcoder_10_05", "nowcoder_10_05\nowcoder_10_05.vcxproj", "{DBD132B1-013A-4D98-B4E4-100D11787A96}"
EndProject
Global
	GlobalSection(SolutionConfigurationPlatforms) = preSolution
		Debug|x64 = Debug|x64
		Debug|x86 = Debug|x86
		Release|x64 = Release|x64
		Release|x86 = Release|x86
	EndGlobalSection
	GlobalSection(ProjectConfigurationPlatforms) = postSolution
		{DBD132B1-013A-4D98-B4E4-100D11787A96}.Debug|x64.ActiveCfg = Debug|x64
		{DBD132B1-013A-4D98-B4E4-100D11787A96}.Debug|x64.Build.0 = Debug|x64
		{DBD132B1-013A-4D98-B4E4-100D11787A96}.Debug|x86.ActiveCfg = Debug|Win32
		{DBD132B1-013A-4D98-B4E4-100D11787A96}.Debug|x86.Build.0 = Debug|Win32
		{DBD132B1-013A-4D98-B4E4-100D11787A96}.Release|x64.ActiveCfg = Release|x64
		{DBD132B1-013A-4D98-B4E4-100D11787A96}.Release|x64.Build.0 = Release|x64
		{DBD132B1-013A-4D98-B4E4-100D11787A96}.Release|x86.ActiveCfg = Release|Win32
		{DBD132B1-013A-4D98-B4E4-100D11787A96}.Release|x86.Build.0 = Release|Win32
	EndGlobalSection
	GlobalSection(SolutionProperties) = preSolution
		HideSolutionNode = FALSE
	EndGlobalSection
	GlobalSection(ExtensibilityGlobals) = postSolution
		SolutionGuid = {32D05C3B-4DA1-4F02-93EB-E0D568906336}
	EndGlobalSection
EndGlobal
