
Microsoft Visual Studio Solution File, Format Version 12.00
# Visual Studio Version 16
VisualStudioVersion = 16.0.31424.327
MinimumVisualStudioVersion = 10.0.40219.1
Project("{8BC9CEB8-8B4A-11D0-8D11-00A0C91BC942}") = "c_10_13", "c_10_13\c_10_13.vcxproj", "{B025B351-650A-484D-9011-1BA0B8771455}"
EndProject
Global
	GlobalSection(SolutionConfigurationPlatforms) = preSolution
		Debug|x64 = Debug|x64
		Debug|x86 = Debug|x86
		Release|x64 = Release|x64
		Release|x86 = Release|x86
	EndGlobalSection
	GlobalSection(ProjectConfigurationPlatforms) = postSolution
		{B025B351-650A-484D-9011-1BA0B8771455}.Debug|x64.ActiveCfg = Debug|x64
		{B025B351-650A-484D-9011-1BA0B8771455}.Debug|x64.Build.0 = Debug|x64
		{B025B351-650A-484D-9011-1BA0B8771455}.Debug|x86.ActiveCfg = Debug|Win32
		{B025B351-650A-484D-9011-1BA0B8771455}.Debug|x86.Build.0 = Debug|Win32
		{B025B351-650A-484D-9011-1BA0B8771455}.Release|x64.ActiveCfg = Release|x64
		{B025B351-650A-484D-9011-1BA0B8771455}.Release|x64.Build.0 = Release|x64
		{B025B351-650A-484D-9011-1BA0B8771455}.Release|x86.ActiveCfg = Release|Win32
		{B025B351-650A-484D-9011-1BA0B8771455}.Release|x86.Build.0 = Release|Win32
	EndGlobalSection
	GlobalSection(SolutionProperties) = preSolution
		HideSolutionNode = FALSE
	EndGlobalSection
	GlobalSection(ExtensibilityGlobals) = postSolution
		SolutionGuid = {6A2FB759-EFEC-4EE7-9E6B-C9DE18F98E7C}
	EndGlobalSection
EndGlobal
